
Microsoft Visual Studio Solution File, Format Version 12.00
# Visual Studio Version 17
VisualStudioVersion = 17.8.34330.188
MinimumVisualStudioVersion = 10.0.40219.1
Project("{FAE04EC0-301F-11D3-BF4B-00C04F79EFBC}") = "Presentation", "Presentation\Presentation.csproj", "{A2EFA513-E591-4EE6-9BF2-0AA71EFDB2B3}"
EndProject
Project("{FAE04EC0-301F-11D3-BF4B-00C04F79EFBC}") = "Core", "Core\Core.csproj", "{661CCE82-3DB6-40D6-BD66-F843C28E5D32}"
EndProject
Global
	GlobalSection(SolutionConfigurationPlatforms) = preSolution
		Debug|Any CPU = Debug|Any CPU
		Release|Any CPU = Release|Any CPU
	EndGlobalSection
	GlobalSection(ProjectConfigurationPlatforms) = postSolution
		{A2EFA513-E591-4EE6-9BF2-0AA71EFDB2B3}.Debug|Any CPU.ActiveCfg = Debug|Any CPU
		{A2EFA513-E591-4EE6-9BF2-0AA71EFDB2B3}.Debug|Any CPU.Build.0 = Debug|Any CPU
		{A2EFA513-E591-4EE6-9BF2-0AA71EFDB2B3}.Release|Any CPU.ActiveCfg = Release|Any CPU
		{A2EFA513-E591-4EE6-9BF2-0AA71EFDB2B3}.Release|Any CPU.Build.0 = Release|Any CPU
		{661CCE82-3DB6-40D6-BD66-F843C28E5D32}.Debug|Any CPU.ActiveCfg = Debug|Any CPU
		{661CCE82-3DB6-40D6-BD66-F843C28E5D32}.Debug|Any CPU.Build.0 = Debug|Any CPU
		{661CCE82-3DB6-40D6-BD66-F843C28E5D32}.Release|Any CPU.ActiveCfg = Release|Any CPU
		{661CCE82-3DB6-40D6-BD66-F843C28E5D32}.Release|Any CPU.Build.0 = Release|Any CPU
	EndGlobalSection
	GlobalSection(SolutionProperties) = preSolution
		HideSolutionNode = FALSE
	EndGlobalSection
	GlobalSection(ExtensibilityGlobals) = postSolution
		SolutionGuid = {B52F8712-FCE3-4421-AA85-263CB6E22F37}
	EndGlobalSection
EndGlobal
